#
# This file is autogenerated by pip-compile with Python 3.13
# by the following command:
#
#    pip-compile --output-file=requirements.lock requirements.txt
#
aiohappyeyeballs==2.6.2
    # via aiohttp
aiohttp==3.13.5
    # via discord-py
aiosignal==1.4.0
    # via aiohttp
attrs==26.1.0
    # via aiohttp
audioop-lts==0.2.2
    # via discord-py
certifi==2026.5.20
    # via requests
charset-normalizer==3.4.7
    # via requests
discord-py==2.7.1
    # via -r requirements.txt
dnspython==2.8.0
    # via pymongo
frozenlist==1.8.0
    # via
    #   aiohttp
    #   aiosignal
idna==3.17
    # via
    #   requests
    #   yarl
multidict==6.7.1
    # via
    #   aiohttp
    #   yarl
pillow==12.2.0
    # via -r requirements.txt
propcache==0.5.2
    # via
    #   aiohttp
    #   yarl
pymongo==4.17.0
    # via -r requirements.txt
python-dotenv==1.2.2
    # via -r requirements.txt
requests==2.34.2
    # via -r requirements.txt
urllib3==2.7.0
    # via requests
yarl==1.24.2
    # via aiohttp
